
Microsoft Visual Studio Solution File, Format Version 12.00
# Visual Studio Version 17
VisualStudioVersion = 17.7.33711.374
MinimumVisualStudioVersion = 10.0.40219.1
Project("{F2A71F9B-5D33-465A-A702-920D77279786}") = "FsWebApiSample", "FsWebApiSample\FsWebApiSample.fsproj", "{47DFA70E-28CB-4D8A-AEFC-ADA72091171B}"
EndProject
Global
	GlobalSection(SolutionConfigurationPlatforms) = preSolution
		Debug|Any CPU = Debug|Any CPU
		Release|Any CPU = Release|Any CPU
	EndGlobalSection
	GlobalSection(ProjectConfigurationPlatforms) = postSolution
		{47DFA70E-28CB-4D8A-AEFC-ADA72091171B}.Debug|Any CPU.ActiveCfg = Debug|Any CPU
		{47DFA70E-28CB-4D8A-AEFC-ADA72091171B}.Debug|Any CPU.Build.0 = Debug|Any CPU
		{47DFA70E-28CB-4D8A-AEFC-ADA72091171B}.Release|Any CPU.ActiveCfg = Release|Any CPU
		{47DFA70E-28CB-4D8A-AEFC-ADA72091171B}.Release|Any CPU.Build.0 = Release|Any CPU
	EndGlobalSection
	GlobalSection(SolutionProperties) = preSolution
		HideSolutionNode = FALSE
	EndGlobalSection
	GlobalSection(ExtensibilityGlobals) = postSolution
		SolutionGuid = {755F7793-676B-40A5-8DA6-62DCC0281D45}
	EndGlobalSection
EndGlobal
